<?xml version="1.0" encoding="utf-8"?>
<Project ToolsVersion="4.0" xmlns="http://schemas.microsoft.com/developer/msbuild/2003">
  <ItemGroup>
    <Filter Include="Исходные файлы">
      <UniqueIdentifier>{4FC737F1-C7A5-4376-A066-2A32D752A2FF}</UniqueIdentifier>
      <Extensions>cpp;c;cc;cxx;c++;cppm;ixx;def;odl;idl;hpj;bat;asm;asmx</Extensions>
    </Filter>
    <Filter Include="Файлы заголовков">
      <UniqueIdentifier>{93995380-89BD-4b04-88EB-625FBE52EBFB}</UniqueIdentifier>
      <Extensions>h;hh;hpp;hxx;h++;hm;inl;inc;ipp;xsd</Extensions>
    </Filter>
    <Filter Include="Файлы ресурсов">
      <UniqueIdentifier>{67DA6AB6-F800-4c08-8B7A-83BB121AAD01}</UniqueIdentifier>
      <Extensions>rc;ico;cur;bmp;dlg;rc2;rct;bin;rgs;gif;jpg;jpeg;jpe;resx;tiff;tif;png;wav;mfcribbon-ms</Extensions>
    </Filter>
  </ItemGroup>
  <ItemGroup>
    <ClCompile Include="Source.cpp">
      <Filter>Исходные файлы</Filter>
    </ClCompile>
    <ClCompile Include="compareSeaByName.cpp">
      <Filter>Исходные файлы</Filter>
    </ClCompile>
    <ClCompile Include="sea.cpp">
      <Filter>Исходные файлы</Filter>
    </ClCompile>
    <ClCompile Include="PrintList.cpp">
      <Filter>Исходные файлы</Filter>
    </ClCompile>
    <ClCompile Include="ReadAll.cpp">
      <Filter>Исходные файлы</Filter>
    </ClCompile>
    <ClCompile Include="ReadSeaQuery.cpp">
      <Filter>Исходные файлы</Filter>
    </ClCompile>
    <ClCompile Include="PrintSeaHeader.cpp">
      <Filter>Исходные файлы</Filter>
    </ClCompile>
    <ClCompile Include="FindSeaIndex.cpp">
      <Filter>Исходные файлы</Filter>
    </ClCompile>
    <ClCompile Include="PrintSeaResult.cpp">
      <Filter>Исходные файлы</Filter>
    </ClCompile>
    <ClCompile Include="FindSeaInfo.cpp">
      <Filter>Исходные файлы</Filter>
    </ClCompile>
    <ClCompile Include="ReadName.cpp">
      <Filter>Исходные файлы</Filter>
    </ClCompile>
    <ClCompile Include="ReadSalinity.cpp">
      <Filter>Исходные файлы</Filter>
    </ClCompile>
    <ClCompile Include="ReadDepth.cpp">
      <Filter>Исходные файлы</Filter>
    </ClCompile>
    <ClCompile Include="ReadSeaLine.cpp">
      <Filter>Исходные файлы</Filter>
    </ClCompile>
  </ItemGroup>
  <ItemGroup>
    <ClInclude Include="compareSeaByName.h">
      <Filter>Файлы заголовков</Filter>
    </ClInclude>
    <ClInclude Include="sea.h">
      <Filter>Файлы заголовков</Filter>
    </ClInclude>
    <ClInclude Include="ReadAll.h">
      <Filter>Файлы заголовков</Filter>
    </ClInclude>
    <ClInclude Include="PrintList.h">
      <Filter>Файлы заголовков</Filter>
    </ClInclude>
    <ClInclude Include="ReadSeaQuery.h">
      <Filter>Файлы заголовков</Filter>
    </ClInclude>
    <ClInclude Include="PrintSeaHeader.h">
      <Filter>Файлы заголовков</Filter>
    </ClInclude>
    <ClInclude Include="FindSeaIndex.h">
      <Filter>Файлы заголовков</Filter>
    </ClInclude>
    <ClInclude Include="PrintSeaResult.h">
      <Filter>Файлы заголовков</Filter>
    </ClInclude>
    <ClInclude Include="FindSeaInfo.h">
      <Filter>Файлы заголовков</Filter>
    </ClInclude>
    <ClInclude Include="ReadName.h">
      <Filter>Файлы заголовков</Filter>
    </ClInclude>
    <ClInclude Include="ReadSalinity.h">
      <Filter>Файлы заголовков</Filter>
    </ClInclude>
    <ClInclude Include="ReadDepth.h">
      <Filter>Файлы заголовков</Filter>
    </ClInclude>
    <ClInclude Include="ReadSeaLine.h">
      <Filter>Файлы заголовков</Filter>
    </ClInclude>
  </ItemGroup>
</Project>